
Microsoft Visual Studio Solution File, Format Version 12.00
# Visual Studio Version 17
VisualStudioVersion = 17.10.34928.147
MinimumVisualStudioVersion = 10.0.40219.1
Project("{FAE04EC0-301F-11D3-BF4B-00C04F79EFBC}") = "InventoryManangement", "InventoryManangement\InventoryManangement.csproj", "{1612F525-02CD-4790-B409-2318C9DEA299}"
EndProject
Global
	GlobalSection(SolutionConfigurationPlatforms) = preSolution
		Debug|Any CPU = Debug|Any CPU
		Release|Any CPU = Release|Any CPU
	EndGlobalSection
	GlobalSection(ProjectConfigurationPlatforms) = postSolution
		{1612F525-02CD-4790-B409-2318C9DEA299}.Debug|Any CPU.ActiveCfg = Debug|Any CPU
		{1612F525-02CD-4790-B409-2318C9DEA299}.Debug|Any CPU.Build.0 = Debug|Any CPU
		{1612F525-02CD-4790-B409-2318C9DEA299}.Release|Any CPU.ActiveCfg = Release|Any CPU
		{1612F525-02CD-4790-B409-2318C9DEA299}.Release|Any CPU.Build.0 = Release|Any CPU
	EndGlobalSection
	GlobalSection(SolutionProperties) = preSolution
		HideSolutionNode = FALSE
	EndGlobalSection
	GlobalSection(ExtensibilityGlobals) = postSolution
		SolutionGuid = {0B47300F-389F-44CF-AF5C-B3DDD3E47E6F}
	EndGlobalSection
EndGlobal
